{
  "nodes": {
    "catppuccin": {
      "locked": {
        "lastModified": 1720472194,
        "narHash": "sha256-CYscFEts6tyvosc1T29nxhzIYJAj/1CCEkV3ZMzSN/c=",
        "owner": "catppuccin",
        "repo": "nix",
        "rev": "d75d5803852fb0833767dc969a4581ac13204e22",
        "type": "github"
      },
      "original": {
        "owner": "catppuccin",
        "repo": "nix",
        "type": "github"
      }
    },
    "flake-utils": {
      "inputs": {
        "systems": "systems_2"
      },
      "locked": {
        "lastModified": 1710146030,
        "narHash": "sha256-SZ5L6eA7HJ/nmkzGG7/ISclqe6oZdOZTNoesiInkXPQ=",
        "owner": "numtide",
        "repo": "flake-utils",
        "rev": "b1d9ab70662946ef0850d488da1c9019f3a9752a",
        "type": "github"
      },
      "original": {
        "owner": "numtide",
        "repo": "flake-utils",
        "type": "github"
      }
    },
    "home-manager": {
      "inputs": {
        "nixpkgs": [
          "nixpkgs"
        ]
      },
      "locked": {
        "lastModified": 1720646128,
        "narHash": "sha256-BivO5yIQukDlJL+1875Sqf3GuOPxZDdA48dYDi3PkL8=",
        "owner": "nix-community",
        "repo": "home-manager",
        "rev": "c085b984ff2808bf322f375b10fea5a415a9c43d",
        "type": "github"
      },
      "original": {
        "owner": "nix-community",
        "ref": "master",
        "repo": "home-manager",
        "type": "github"
      }
    },
    "nbfc-linux": {
      "inputs": {
        "nixpkgs": [
          "nixpkgs"
        ],
        "utils": "utils"
      },
      "locked": {
        "lastModified": 1711995174,
        "narHash": "sha256-PgNOlrZP3mHQfKq6j4F6JDndZ191pLQDsvXuBizCkKE=",
        "owner": "Celibistrial",
        "repo": "nbfc-linux",
        "rev": "d9004050516f9afe40a90ac2d463fa6c07efbc56",
        "type": "github"
      },
      "original": {
        "owner": "Celibistrial",
        "repo": "nbfc-linux",
        "type": "github"
      }
    },
    "nixctl": {
      "inputs": {
        "flake-utils": "flake-utils",
        "nixpkgs": [
          "nixpkgs"
        ]
      },
      "locked": {
        "lastModified": 1719633581,
        "narHash": "sha256-fLAKzQj5Ses/2+MkQ4ll8YKtB2/M/mkfkg60Ct0Cik4=",
        "owner": "Celibistrial",
        "repo": "nixctl",
        "rev": "982ebdafd1604a32e2a6229b94cfcdf119b77ffc",
        "type": "github"
      },
      "original": {
        "owner": "Celibistrial",
        "repo": "nixctl",
        "type": "github"
      }
    },
    "nixpkgs": {
      "locked": {
        "lastModified": 1720542800,
        "narHash": "sha256-ZgnNHuKV6h2+fQ5LuqnUaqZey1Lqqt5dTUAiAnqH0QQ=",
        "owner": "NixOS",
        "repo": "nixpkgs",
        "rev": "feb2849fdeb70028c70d73b848214b00d324a497",
        "type": "github"
      },
      "original": {
        "owner": "NixOS",
        "ref": "nixos-unstable",
        "repo": "nixpkgs",
        "type": "github"
      }
    },
    "root": {
      "inputs": {
        "catppuccin": "catppuccin",
        "home-manager": "home-manager",
        "nbfc-linux": "nbfc-linux",
        "nixctl": "nixctl",
        "nixpkgs": "nixpkgs"
      }
    },
    "systems": {
      "locked": {
        "lastModified": 1681028828,
        "narHash": "sha256-Vy1rq5AaRuLzOxct8nz4T6wlgyUR7zLU309k9mBC768=",
        "owner": "nix-systems",
        "repo": "default",
        "rev": "da67096a3b9bf56a91d16901293e51ba5b49a27e",
        "type": "github"
      },
      "original": {
        "owner": "nix-systems",
        "repo": "default",
        "type": "github"
      }
    },
    "systems_2": {
      "locked": {
        "lastModified": 1681028828,
        "narHash": "sha256-Vy1rq5AaRuLzOxct8nz4T6wlgyUR7zLU309k9mBC768=",
        "owner": "nix-systems",
        "repo": "default",
        "rev": "da67096a3b9bf56a91d16901293e51ba5b49a27e",
        "type": "github"
      },
      "original": {
        "owner": "nix-systems",
        "repo": "default",
        "type": "github"
      }
    },
    "utils": {
      "inputs": {
        "systems": "systems"
      },
      "locked": {
        "lastModified": 1710146030,
        "narHash": "sha256-SZ5L6eA7HJ/nmkzGG7/ISclqe6oZdOZTNoesiInkXPQ=",
        "owner": "numtide",
        "repo": "flake-utils",
        "rev": "b1d9ab70662946ef0850d488da1c9019f3a9752a",
        "type": "github"
      },
      "original": {
        "owner": "numtide",
        "repo": "flake-utils",
        "type": "github"
      }
    }
  },
  "root": "root",
  "version": 7
}
